{
  "originHash" : "fcb2166676129c09b936df7633cdc6fb5785de751915d03c817584a9d9f2e178",
  "pins" : [
    {
      "identity" : "plate",
      "kind" : "remoteSourceControl",
      "location" : "https://github.com/leviouwendijk/plate.git",
      "state" : {
        "branch" : "master",
        "revision" : "f5987dd862c26a48b2f94f70d1fb31af41fdc197"
      }
    }
  ],
  "version" : 3
}
