{
  "originHash" : "00850cb928b7cf9a5a77395caff51d01c53bbcdbbb4363b4cabe188281f9603b",
  "pins" : [
    {
      "identity" : "indentation",
      "kind" : "remoteSourceControl",
      "location" : "https://github.com/leviouwendijk/Indentation.git",
      "state" : {
        "branch" : "master",
        "revision" : "8b85325433aa97ee19c9c77f564500be189978d6"
      }
    },
    {
      "identity" : "path",
      "kind" : "remoteSourceControl",
      "location" : "https://github.com/leviouwendijk/Path.git",
      "state" : {
        "branch" : "master",
        "revision" : "2617c9ceebfedd886f9dae31fe5646474bdf3cff"
      }
    },
    {
      "identity" : "plate",
      "kind" : "remoteSourceControl",
      "location" : "https://github.com/leviouwendijk/plate.git",
      "state" : {
        "branch" : "master",
        "revision" : "26a9ad356170c95f7db92d5d207d8850bf6af05b"
      }
    },
    {
      "identity" : "primitives",
      "kind" : "remoteSourceControl",
      "location" : "https://github.com/leviouwendijk/Primitives.git",
      "state" : {
        "branch" : "master",
        "revision" : "42cf1a8d38e7223c07339787a7616c0348169a85"
      }
    },
    {
      "identity" : "strings",
      "kind" : "remoteSourceControl",
      "location" : "https://github.com/leviouwendijk/Strings.git",
      "state" : {
        "branch" : "master",
        "revision" : "86a939d7bbb3e25808f88fbcedcee4069a5a5ae1"
      }
    },
    {
      "identity" : "terminal",
      "kind" : "remoteSourceControl",
      "location" : "https://github.com/leviouwendijk/Terminal.git",
      "state" : {
        "branch" : "master",
        "revision" : "972943a2d925f8ba4bebf99c1af590de8fe896e0"
      }
    },
    {
      "identity" : "version",
      "kind" : "remoteSourceControl",
      "location" : "https://github.com/leviouwendijk/Version.git",
      "state" : {
        "branch" : "master",
        "revision" : "a7eeda6e3b84eca36f61366e5d420787c9aba69f"
      }
    }
  ],
  "version" : 3
}
