{
  "originHash" : "fcb2166676129c09b936df7633cdc6fb5785de751915d03c817584a9d9f2e178",
  "pins" : [
    {
      "identity" : "plate",
      "kind" : "remoteSourceControl",
      "location" : "https://github.com/leviouwendijk/plate.git",
      "state" : {
        "branch" : "master",
        "revision" : "932f7c6f7a3280ea722e935df6b199138c9e9844"
      }
    }
  ],
  "version" : 3
}
